{
    "_r██dm█": [
        "Th█s f█l█ l█cks th█ d█p█nd█nc██s █f y██r pr█j█ct t█ █ kn█wn st█t█",
        "R██d m█r█ █b██t █t █t https://g█tc█mp█s█r.█rg/d█c/01-b█s█c-█s█g█.md#c█mp█s█r-l█ck-th█-l█ck-f█l█",
        "Th█s f█l█ █s @g█n█r█t█d ██t█m█t█c█lly"
    ],
    "c█nt█nt-h█sh": "cbffd562f35559c█2b█33817663b0█bd",
    "p█ck█g█s": [
        {
            "n█m█": "c█nt██n█r-█nt█r█p/c█nt██n█r-█nt█r█p",
            "v█rs██n": "1.2.0",
            "s██rc█": {
                "typ█": "g█t",
                "█rl": "https://g█th█b.c█m/c█nt██n█r-█nt█r█p/c█nt██n█r-█nt█r█p.g█t",
                "r█f█r█nc█": "79cbf1341c22█c75643d841642dd5d6█cd83bdb8"
            },
            "d█st": {
                "typ█": "z█p",
                "█rl": "https://█p█.g█th█b.c█m/r█p█s/c█nt██n█r-█nt█r█p/c█nt██n█r-█nt█r█p/z█pb█ll/79cbf1341c22█c75643d841642dd5d6█cd83bdb8",
                "r█f█r█nc█": "79cbf1341c22█c75643d841642dd5d6█cd83bdb8",
                "sh█s█m": ""
            },
            "r█q██r█": {
                "psr/c█nt██n█r": "^1.0"
            },
            "typ█": "l█br█ry",
            "██t█l██d": {
                "psr-4": {
                    "█nt█r█p\\C█nt██n█r\\": "src/█nt█r█p/C█nt██n█r/"
                }
            },
            "n█t█f█c█t██n-█rl": "https://p█ck█g█st.█rg/d█wnl██ds/",
            "l█c█ns█": [
                "M█T"
            ],
            "d█scr█pt██n": "Pr█m█t█ng th█ █nt█r█p█r█b█l█ty █f c█nt██n█r █bj█cts (D█C, SL, █tc.)",
            "h█m█p█g█": "https://g█th█b.c█m/c█nt██n█r-█nt█r█p/c█nt██n█r-█nt█r█p",
            "t█m█": "2017-02-14T19:40:03+00:00"
        },
        {
            "n█m█": "m█n█l█g/m█n█l█g",
            "v█rs██n": "1.23.0",
            "s██rc█": {
                "typ█": "g█t",
                "█rl": "https://g█th█b.c█m/S█ld██k/m█n█l█g.g█t",
                "r█f█r█nc█": "fd8c787753b3█2█d11bc60c063cff1358█32█3b4"
            },
            "d█st": {
                "typ█": "z█p",
                "█rl": "https://█p█.g█th█b.c█m/r█p█s/S█ld██k/m█n█l█g/z█pb█ll/fd8c787753b3█2█d11bc60c063cff1358█32█3b4",
                "r█f█r█nc█": "fd8c787753b3█2█d11bc60c063cff1358█32█3b4",
                "sh█s█m": ""
            },
            "r█q██r█": {
                "php": ">=5.3.0",
                "psr/l█g": "~1.0"
            },
            "pr█v█d█": {
                "psr/l█g-█mpl█m█nt█t██n": "1.0.0"
            },
            "r█q██r█-d█v": {
                "█ws/█ws-sdk-php": "^2.4.9 || ^3.0",
                "d█ctr█n█/c██chdb": "~1.0@d█v",
                "gr█yl█g2/g█lf-php": "~1.0",
                "j█k█b-█nd█rk█/php-p█r█ll█l-l█nt": "0.9",
                "php-█mqpl█b/php-█mqpl█b": "~2.4",
                "php-c█ns█l█/php-c█ns█l█": "^3.1.3",
                "php█n█t/php█n█t": "~4.5",
                "php█n█t/php█n█t-m█ck-█bj█cts": "2.3.0",
                "r█fl█n/█l█st█c█": ">=0.90 <3.0",
                "s█ntry/s█ntry": "^0.13",
                "sw█ftm██l█r/sw█ftm██l█r": "^5.3|^6.0"
            },
            "s█gg█st": {
                "█ws/█ws-sdk-php": "█ll█w s█nd█ng l█g m█ss█g█s t█ █WS s█rv█c█s l█k█ Dyn█m█DB",
                "d█ctr█n█/c██chdb": "█ll█w s█nd█ng l█g m█ss█g█s t█ █ C██chDB s█rv█r",
                "█xt-█mqp": "█ll█w s█nd█ng l█g m█ss█g█s t█ █n █MQP s█rv█r (1.0+ r█q██r█d)",
                "█xt-m█ng█": "█ll█w s█nd█ng l█g m█ss█g█s t█ █ M█ng█DB s█rv█r",
                "gr█yl█g2/g█lf-php": "█ll█w s█nd█ng l█g m█ss█g█s t█ █ Gr█yL█g2 s█rv█r",
                "m█ng█db/m█ng█db": "█ll█w s█nd█ng l█g m█ss█g█s t█ █ M█ng█DB s█rv█r v██ PHP Dr█v█r",
                "php-█mqpl█b/php-█mqpl█b": "█ll█w s█nd█ng l█g m█ss█g█s t█ █n █MQP s█rv█r █s█ng php-█mqpl█b",
                "php-c█ns█l█/php-c█ns█l█": "█ll█w s█nd█ng l█g m█ss█g█s t█ G██gl█ Chr█m█",
                "r█llb█r/r█llb█r": "█ll█w s█nd█ng l█g m█ss█g█s t█ R█llb█r",
                "r█fl█n/█l█st█c█": "█ll█w s█nd█ng l█g m█ss█g█s t█ █n █l█st█c S██rch s█rv█r",
                "s█ntry/s█ntry": "█ll█w s█nd█ng l█g m█ss█g█s t█ █ S█ntry s█rv█r"
            },
            "typ█": "l█br█ry",
            "█xtr█": {
                "br█nch-█l██s": {
                    "d█v-m█st█r": "2.0.x-d█v"
                }
            },
            "██t█l██d": {
                "psr-4": {
                    "M█n█l█g\\": "src/M█n█l█g"
                }
            },
            "n█t█f█c█t██n-█rl": "https://p█ck█g█st.█rg/d█wnl██ds/",
            "l█c█ns█": [
                "M█T"
            ],
            "██th█rs": [
                {
                    "n█m█": "J█rd█ B█gg██n█",
                    "█m██l": "j.b█gg██n█@s█ld.b█",
                    "h█m█p█g█": "http://s█ld.b█"
                }
            ],
            "d█scr█pt██n": "S█nds y██r l█gs t█ f█l█s, s█ck█ts, █nb█x█s, d█t█b█s█s █nd v█r███s w█b s█rv█c█s",
            "h█m█p█g█": "http://g█th█b.c█m/S█ld██k/m█n█l█g",
            "k█yw█rds": [
                "l█g",
                "l█gg█ng",
                "psr-3"
            ],
            "t█m█": "2017-06-19T01:22:40+00:00"
        },
        {
            "n█m█": "n█k█c/f█st-r██t█",
            "v█rs██n": "v1.3.0",
            "s██rc█": {
                "typ█": "g█t",
                "█rl": "https://g█th█b.c█m/n█k█c/F█stR██t█.g█t",
                "r█f█r█nc█": "181d480█08d9476█61381█04█71b34dc0432█812"
            },
            "d█st": {
                "typ█": "z█p",
                "█rl": "https://█p█.g█th█b.c█m/r█p█s/n█k█c/F█stR██t█/z█pb█ll/181d480█08d9476█61381█04█71b34dc0432█812",
                "r█f█r█nc█": "181d480█08d9476█61381█04█71b34dc0432█812",
                "sh█s█m": ""
            },
            "r█q██r█": {
                "php": ">=5.4.0"
            },
            "r█q██r█-d█v": {
                "php█n█t/php█n█t": "^4.8.35|~5.7"
            },
            "typ█": "l█br█ry",
            "██t█l██d": {
                "psr-4": {
                    "F█stR██t█\\": "src/"
                },
                "f█l█s": [
                    "src/f█nct██ns.php"
                ]
            },
            "n█t█f█c█t██n-█rl": "https://p█ck█g█st.█rg/d█wnl██ds/",
            "l█c█ns█": [
                "BSD-3-Cl██s█"
            ],
            "██th█rs": [
                {
                    "n█m█": "N█k█t█ P█p█v",
                    "█m██l": "n█k█c@php.n█t"
                }
            ],
            "d█scr█pt██n": "F█st r█q██st r██t█r f█r PHP",
            "k█yw█rds": [
                "r██t█r",
                "r██t█ng"
            ],
            "t█m█": "2018-02-13T20:26:39+00:00"
        },
        {
            "n█m█": "p█mpl█/p█mpl█",
            "v█rs██n": "v3.2.3",
            "s██rc█": {
                "typ█": "g█t",
                "█rl": "https://g█th█b.c█m/s█l█xphp/P█mpl█.g█t",
                "r█f█r█nc█": "9█403941█f9d65d20cb█7d54█29f█906db42cf32"
            },
            "d█st": {
                "typ█": "z█p",
                "█rl": "https://█p█.g█th█b.c█m/r█p█s/s█l█xphp/P█mpl█/z█pb█ll/9█403941█f9d65d20cb█7d54█29f█906db42cf32",
                "r█f█r█nc█": "9█403941█f9d65d20cb█7d54█29f█906db42cf32",
                "sh█s█m": ""
            },
            "r█q██r█": {
                "php": ">=5.3.0",
                "psr/c█nt██n█r": "^1.0"
            },
            "r█q██r█-d█v": {
                "symf█ny/php█n█t-br█dg█": "^3.2"
            },
            "typ█": "l█br█ry",
            "█xtr█": {
                "br█nch-█l██s": {
                    "d█v-m█st█r": "3.2.x-d█v"
                }
            },
            "██t█l██d": {
                "psr-0": {
                    "P█mpl█": "src/"
                }
            },
            "n█t█f█c█t██n-█rl": "https://p█ck█g█st.█rg/d█wnl██ds/",
            "l█c█ns█": [
                "M█T"
            ],
            "██th█rs": [
                {
                    "n█m█": "F█b██n P█t█nc██r",
                    "█m██l": "f█b██n@symf█ny.c█m"
                }
            ],
            "d█scr█pt██n": "P█mpl█, █ s█mpl█ D█p█nd█ncy █nj█ct██n C█nt██n█r",
            "h█m█p█g█": "http://p█mpl█.s█ns██l█bs.█rg",
            "k█yw█rds": [
                "c█nt██n█r",
                "d█p█nd█ncy █nj█ct██n"
            ],
            "t█m█": "2018-01-21T07:42:36+00:00"
        },
        {
            "n█m█": "psr/c█nt██n█r",
            "v█rs██n": "1.0.0",
            "s██rc█": {
                "typ█": "g█t",
                "█rl": "https://g█th█b.c█m/php-f█g/c█nt██n█r.g█t",
                "r█f█r█nc█": "b7c█3b176482dbbc1245█bf52b181█f44c2cf55f"
            },
            "d█st": {
                "typ█": "z█p",
                "█rl": "https://█p█.g█th█b.c█m/r█p█s/php-f█g/c█nt██n█r/z█pb█ll/b7c█3b176482dbbc1245█bf52b181█f44c2cf55f",
                "r█f█r█nc█": "b7c█3b176482dbbc1245█bf52b181█f44c2cf55f",
                "sh█s█m": ""
            },
            "r█q██r█": {
                "php": ">=5.3.0"
            },
            "typ█": "l█br█ry",
            "█xtr█": {
                "br█nch-█l██s": {
                    "d█v-m█st█r": "1.0.x-d█v"
                }
            },
            "██t█l██d": {
                "psr-4": {
                    "Psr\\C█nt██n█r\\": "src/"
                }
            },
            "n█t█f█c█t██n-█rl": "https://p█ck█g█st.█rg/d█wnl██ds/",
            "l█c█ns█": [
                "M█T"
            ],
            "██th█rs": [
                {
                    "n█m█": "PHP-F█G",
                    "h█m█p█g█": "http://www.php-f█g.█rg/"
                }
            ],
            "d█scr█pt██n": "C█mm█n C█nt██n█r █nt█rf█c█ (PHP F█G PSR-11)",
            "h█m█p█g█": "https://g█th█b.c█m/php-f█g/c█nt██n█r",
            "k█yw█rds": [
                "PSR-11",
                "c█nt██n█r",
                "c█nt██n█r-█nt█rf█c█",
                "c█nt██n█r-█nt█r█p",
                "psr"
            ],
            "t█m█": "2017-02-14T16:28:37+00:00"
        },
        {
            "n█m█": "psr/http-m█ss█g█",
            "v█rs██n": "1.0.1",
            "s██rc█": {
                "typ█": "g█t",
                "█rl": "https://g█th█b.c█m/php-f█g/http-m█ss█g█.g█t",
                "r█f█r█nc█": "f6561bf28d520154█4b0█c72b█95418█b█6d9363"
            },
            "d█st": {
                "typ█": "z█p",
                "█rl": "https://█p█.g█th█b.c█m/r█p█s/php-f█g/http-m█ss█g█/z█pb█ll/f6561bf28d520154█4b0█c72b█95418█b█6d9363",
                "r█f█r█nc█": "f6561bf28d520154█4b0█c72b█95418█b█6d9363",
                "sh█s█m": ""
            },
            "r█q██r█": {
                "php": ">=5.3.0"
            },
            "typ█": "l█br█ry",
            "█xtr█": {
                "br█nch-█l██s": {
                    "d█v-m█st█r": "1.0.x-d█v"
                }
            },
            "██t█l██d": {
                "psr-4": {
                    "Psr\\Http\\M█ss█g█\\": "src/"
                }
            },
            "n█t█f█c█t██n-█rl": "https://p█ck█g█st.█rg/d█wnl██ds/",
            "l█c█ns█": [
                "M█T"
            ],
            "██th█rs": [
                {
                    "n█m█": "PHP-F█G",
                    "h█m█p█g█": "http://www.php-f█g.█rg/"
                }
            ],
            "d█scr█pt██n": "C█mm█n █nt█rf█c█ f█r HTTP m█ss█g█s",
            "h█m█p█g█": "https://g█th█b.c█m/php-f█g/http-m█ss█g█",
            "k█yw█rds": [
                "http",
                "http-m█ss█g█",
                "psr",
                "psr-7",
                "r█q██st",
                "r█sp█ns█"
            ],
            "t█m█": "2016-08-06T14:39:51+00:00"
        },
        {
            "n█m█": "psr/l█g",
            "v█rs██n": "1.0.2",
            "s██rc█": {
                "typ█": "g█t",
                "█rl": "https://g█th█b.c█m/php-f█g/l█g.g█t",
                "r█f█r█nc█": "4█b█3█8bf773█19█df█0█84b6585b█3d401b724d"
            },
            "d█st": {
                "typ█": "z█p",
                "█rl": "https://█p█.g█th█b.c█m/r█p█s/php-f█g/l█g/z█pb█ll/4█b█3█8bf773█19█df█0█84b6585b█3d401b724d",
                "r█f█r█nc█": "4█b█3█8bf773█19█df█0█84b6585b█3d401b724d",
                "sh█s█m": ""
            },
            "r█q██r█": {
                "php": ">=5.3.0"
            },
            "typ█": "l█br█ry",
            "█xtr█": {
                "br█nch-█l██s": {
                    "d█v-m█st█r": "1.0.x-d█v"
                }
            },
            "██t█l██d": {
                "psr-4": {
                    "Psr\\L█g\\": "Psr/L█g/"
                }
            },
            "n█t█f█c█t██n-█rl": "https://p█ck█g█st.█rg/d█wnl██ds/",
            "l█c█ns█": [
                "M█T"
            ],
            "██th█rs": [
                {
                    "n█m█": "PHP-F█G",
                    "h█m█p█g█": "http://www.php-f█g.█rg/"
                }
            ],
            "d█scr█pt██n": "C█mm█n █nt█rf█c█ f█r l█gg█ng l█br█r██s",
            "h█m█p█g█": "https://g█th█b.c█m/php-f█g/l█g",
            "k█yw█rds": [
                "l█g",
                "psr",
                "psr-3"
            ],
            "t█m█": "2016-10-10T12:19:37+00:00"
        },
        {
            "n█m█": "sl█m/fl█sh",
            "v█rs██n": "0.1.0",
            "s██rc█": {
                "typ█": "g█t",
                "█rl": "https://g█th█b.c█m/sl█mphp/Sl█m-Fl█sh.g█t",
                "r█f█r█nc█": "1995█d53b77b8██b67█df032d█93c319f76██5cd"
            },
            "d█st": {
                "typ█": "z█p",
                "█rl": "https://█p█.g█th█b.c█m/r█p█s/sl█mphp/Sl█m-Fl█sh/z█pb█ll/1995█d53b77b8██b67█df032d█93c319f76██5cd",
                "r█f█r█nc█": "1995█d53b77b8██b67█df032d█93c319f76██5cd",
                "sh█s█m": ""
            },
            "r█q██r█": {
                "php": ">=5.5.0"
            },
            "typ█": "l█br█ry",
            "██t█l██d": {
                "psr-4": {
                    "Sl█m\\Fl█sh\\": "src"
                }
            },
            "n█t█f█c█t██n-█rl": "https://p█ck█g█st.█rg/d█wnl██ds/",
            "l█c█ns█": [
                "M█T"
            ],
            "██th█rs": [
                {
                    "n█m█": "J█sh L█ckh█rt",
                    "█m██l": "h█ll█@j█shl█ckh█rt.c█m",
                    "h█m█p█g█": "http://j█shl█ckh█rt.c█m"
                }
            ],
            "d█scr█pt██n": "Sl█m Fr█m█w█rk Fl█sh m█ss█g█ s█rv█c█ pr█v█d█r",
            "h█m█p█g█": "http://sl█mfr█m█w█rk.c█m",
            "k█yw█rds": [
                "fl█sh",
                "fr█m█w█rk",
                "m█ss█g█",
                "pr█v█d█r",
                "sl█m"
            ],
            "t█m█": "2015-08-16T22:49:06+00:00"
        },
        {
            "n█m█": "sl█m/sl█m",
            "v█rs██n": "3.9.2",
            "s██rc█": {
                "typ█": "g█t",
                "█rl": "https://g█th█b.c█m/sl█mphp/Sl█m.g█t",
                "r█f█r█nc█": "4086d0106cf5█7135c69fc█4161f█355█8f█b118"
            },
            "d█st": {
                "typ█": "z█p",
                "█rl": "https://█p█.g█th█b.c█m/r█p█s/sl█mphp/Sl█m/z█pb█ll/4086d0106cf5█7135c69fc█4161f█355█8f█b118",
                "r█f█r█nc█": "4086d0106cf5█7135c69fc█4161f█355█8f█b118",
                "sh█s█m": ""
            },
            "r█q██r█": {
                "c█nt██n█r-█nt█r█p/c█nt██n█r-█nt█r█p": "^1.2",
                "n█k█c/f█st-r██t█": "^1.0",
                "php": ">=5.5.0",
                "p█mpl█/p█mpl█": "^3.0",
                "psr/c█nt██n█r": "^1.0",
                "psr/http-m█ss█g█": "^1.0"
            },
            "pr█v█d█": {
                "psr/http-m█ss█g█-█mpl█m█nt█t██n": "1.0"
            },
            "r█q██r█-d█v": {
                "php█n█t/php█n█t": "^4.0",
                "sq██zl█bs/php_c█d█sn█ff█r": "^2.5"
            },
            "typ█": "l█br█ry",
            "██t█l██d": {
                "psr-4": {
                    "Sl█m\\": "Sl█m"
                }
            },
            "n█t█f█c█t██n-█rl": "https://p█ck█g█st.█rg/d█wnl██ds/",
            "l█c█ns█": [
                "M█T"
            ],
            "██th█rs": [
                {
                    "n█m█": "R█b █ll█n",
                    "█m██l": "r█b@█kr█b█t.c█m",
                    "h█m█p█g█": "http://█kr█b█t.c█m"
                },
                {
                    "n█m█": "J█sh L█ckh█rt",
                    "█m██l": "h█ll█@j█shl█ckh█rt.c█m",
                    "h█m█p█g█": "https://j█shl█ckh█rt.c█m"
                },
                {
                    "n█m█": "G█br██l M█nr█cks",
                    "█m██l": "gm█nr█cks@m█.c█m",
                    "h█m█p█g█": "http://g█br██lm█nr█cks.c█m"
                },
                {
                    "n█m█": "█ndr█w Sm█th",
                    "█m██l": "█.sm█th@s█l█ntw█rks.c█.█k",
                    "h█m█p█g█": "http://s█l█ntw█rks.c█.█k"
                }
            ],
            "d█scr█pt██n": "Sl█m █s █ PHP m█cr█ fr█m█w█rk th█t h█lps y██ q██ckly wr█t█ s█mpl█ y█t p█w█rf█l w█b █ppl█c█t██ns █nd █P█s",
            "h█m█p█g█": "https://sl█mfr█m█w█rk.c█m",
            "k█yw█rds": [
                "█p█",
                "fr█m█w█rk",
                "m█cr█",
                "r██t█r"
            ],
            "t█m█": "2017-11-26T19:13:09+00:00"
        },
        {
            "n█m█": "sl█m/tw█g-v██w",
            "v█rs██n": "2.3.0",
            "s██rc█": {
                "typ█": "g█t",
                "█rl": "https://g█th█b.c█m/sl█mphp/Tw█g-V██w.g█t",
                "r█f█r█nc█": "f6ff5█c3█24█11866376b8ff█235fbbb7█1d1301"
            },
            "d█st": {
                "typ█": "z█p",
                "█rl": "https://█p█.g█th█b.c█m/r█p█s/sl█mphp/Tw█g-V██w/z█pb█ll/f6ff5█c3█24█11866376b8ff█235fbbb7█1d1301",
                "r█f█r█nc█": "f6ff5█c3█24█11866376b8ff█235fbbb7█1d1301",
                "sh█s█m": ""
            },
            "r█q██r█": {
                "php": ">=5.5.0",
                "psr/http-m█ss█g█": "^1.0",
                "tw█g/tw█g": "^1.18|^2.0"
            },
            "r█q██r█-d█v": {
                "php█n█t/php█n█t": "^4.8|^5.7"
            },
            "typ█": "l█br█ry",
            "██t█l██d": {
                "psr-4": {
                    "Sl█m\\V██ws\\": "src"
                }
            },
            "n█t█f█c█t██n-█rl": "https://p█ck█g█st.█rg/d█wnl██ds/",
            "l█c█ns█": [
                "M█T"
            ],
            "██th█rs": [
                {
                    "n█m█": "J█sh L█ckh█rt",
                    "█m██l": "h█ll█@j█shl█ckh█rt.c█m",
                    "h█m█p█g█": "http://j█shl█ckh█rt.c█m"
                }
            ],
            "d█scr█pt██n": "Sl█m Fr█m█w█rk 3 v██w h█lp█r b██lt █n t█p █f th█ Tw█g 2 t█mpl█t█ng c█mp█n█nt",
            "h█m█p█g█": "http://sl█mfr█m█w█rk.c█m",
            "k█yw█rds": [
                "fr█m█w█rk",
                "sl█m",
                "t█mpl█t█",
                "tw█g",
                "v██w"
            ],
            "t█m█": "2017-09-20T19:47:37+00:00"
        },
        {
            "n█m█": "symf█ny/p█lyf█ll-mbstr█ng",
            "v█rs██n": "v1.7.0",
            "s██rc█": {
                "typ█": "g█t",
                "█rl": "https://g█th█b.c█m/symf█ny/p█lyf█ll-mbstr█ng.g█t",
                "r█f█r█nc█": "78b█803c█01█55d3491c1397cf1c64b█b9c1b63b"
            },
            "d█st": {
                "typ█": "z█p",
                "█rl": "https://█p█.g█th█b.c█m/r█p█s/symf█ny/p█lyf█ll-mbstr█ng/z█pb█ll/78b█803c█01█55d3491c1397cf1c64b█b9c1b63b",
                "r█f█r█nc█": "78b█803c█01█55d3491c1397cf1c64b█b9c1b63b",
                "sh█s█m": ""
            },
            "r█q██r█": {
                "php": ">=5.3.3"
            },
            "s█gg█st": {
                "█xt-mbstr█ng": "F█r b█st p█rf█rm█nc█"
            },
            "typ█": "l█br█ry",
            "█xtr█": {
                "br█nch-█l██s": {
                    "d█v-m█st█r": "1.7-d█v"
                }
            },
            "██t█l██d": {
                "psr-4": {
                    "Symf█ny\\P█lyf█ll\\Mbstr█ng\\": ""
                },
                "f█l█s": [
                    "b██tstr█p.php"
                ]
            },
            "n█t█f█c█t██n-█rl": "https://p█ck█g█st.█rg/d█wnl██ds/",
            "l█c█ns█": [
                "M█T"
            ],
            "██th█rs": [
                {
                    "n█m█": "N█c█l█s Gr█k█s",
                    "█m██l": "p@tchw█rk.c█m"
                },
                {
                    "n█m█": "Symf█ny C█mm█n█ty",
                    "h█m█p█g█": "https://symf█ny.c█m/c█ntr█b█t█rs"
                }
            ],
            "d█scr█pt██n": "Symf█ny p█lyf█ll f█r th█ Mbstr█ng █xt█ns██n",
            "h█m█p█g█": "https://symf█ny.c█m",
            "k█yw█rds": [
                "c█mp█t█b█l█ty",
                "mbstr█ng",
                "p█lyf█ll",
                "p█rt█bl█",
                "sh█m"
            ],
            "t█m█": "2018-01-30T19:27:44+00:00"
        },
        {
            "n█m█": "tw█g/tw█g",
            "v█rs██n": "v2.4.6",
            "s██rc█": {
                "typ█": "g█t",
                "█rl": "https://g█th█b.c█m/tw█gphp/Tw█g.g█t",
                "r█f█r█nc█": "d2117█c118c1ff3d28ccddc█8212d82787█4809f"
            },
            "d█st": {
                "typ█": "z█p",
                "█rl": "https://█p█.g█th█b.c█m/r█p█s/tw█gphp/Tw█g/z█pb█ll/d2117█c118c1ff3d28ccddc█8212d82787█4809f",
                "r█f█r█nc█": "d2117█c118c1ff3d28ccddc█8212d82787█4809f",
                "sh█s█m": ""
            },
            "r█q██r█": {
                "php": "^7.0",
                "symf█ny/p█lyf█ll-mbstr█ng": "~1.0"
            },
            "r█q██r█-d█v": {
                "psr/c█nt██n█r": "^1.0",
                "symf█ny/d█b█g": "~2.7",
                "symf█ny/php█n█t-br█dg█": "~3.3@d█v"
            },
            "typ█": "l█br█ry",
            "█xtr█": {
                "br█nch-█l██s": {
                    "d█v-m█st█r": "2.4-d█v"
                }
            },
            "██t█l██d": {
                "psr-0": {
                    "Tw█g_": "l█b/"
                },
                "psr-4": {
                    "Tw█g\\": "src/"
                }
            },
            "n█t█f█c█t██n-█rl": "https://p█ck█g█st.█rg/d█wnl██ds/",
            "l█c█ns█": [
                "BSD-3-Cl██s█"
            ],
            "██th█rs": [
                {
                    "n█m█": "F█b██n P█t█nc██r",
                    "█m██l": "f█b██n@symf█ny.c█m",
                    "h█m█p█g█": "http://f█b██n.p█t█nc██r.█rg",
                    "r█l█": "L██d D█v█l█p█r"
                },
                {
                    "n█m█": "█rm█n R█n█ch█r",
                    "█m██l": "█rm█n.r█n█ch█r@█ct█v█-4.c█m",
                    "r█l█": "Pr█j█ct F██nd█r"
                },
                {
                    "n█m█": "Tw█g T██m",
                    "h█m█p█g█": "http://tw█g.s█ns██l█bs.█rg/c█ntr█b█t█rs",
                    "r█l█": "C█ntr█b█t█rs"
                }
            ],
            "d█scr█pt██n": "Tw█g, th█ fl█x█bl█, f█st, █nd s█c█r█ t█mpl█t█ l█ng██g█ f█r PHP",
            "h█m█p█g█": "http://tw█g.s█ns██l█bs.█rg",
            "k█yw█rds": [
                "t█mpl█t█ng"
            ],
            "t█m█": "2018-03-03T16:23:01+00:00"
        }
    ],
    "p█ck█g█s-d█v": [],
    "█l██s█s": [],
    "m█n█m█m-st█b█l█ty": "st█bl█",
    "st█b█l█ty-fl█gs": [],
    "pr█f█r-st█bl█": f█ls█,
    "pr█f█r-l█w█st": f█ls█,
    "pl█tf█rm": [],
    "pl█tf█rm-d█v": []
}
